
Microsoft Visual Studio Solution File, Format Version 12.00
# Visual Studio Version 16
VisualStudioVersion = 16.0.30011.22
MinimumVisualStudioVersion = 10.0.40219.1
Project("{FAE04EC0-301F-11D3-BF4B-00C04F79EFBC}") = "KY.Webapi", "KY.Webapi\KY.Webapi.csproj", "{2FBB3660-7D72-4337-ADC9-44C6B5702C89}"
EndProject
Project("{FAE04EC0-301F-11D3-BF4B-00C04F79EFBC}") = "KY.Blazor", "KY.Blazor\KY.Blazor.csproj", "{66F4A859-684A-4C0D-9048-FEFF90DF879F}"
EndProject
Project("{FAE04EC0-301F-11D3-BF4B-00C04F79EFBC}") = "KY.MVC", "KY.MVC\KY.MVC.csproj", "{83395310-B02E-4D37-BE9D-7F91C946B3C8}"
EndProject
Project("{9092AA53-FB77-4645-B42D-1CCCA6BD08BD}") = "KY.VueApp", "KY.VueApp\KY.VueApp.njsproj", "{35BA60DC-F797-4C46-A584-643AAF730E5E}"
EndProject
Project("{FAE04EC0-301F-11D3-BF4B-00C04F79EFBC}") = "KY.Infrastructure", "KY.Infrastructure\KY.Infrastructure.csproj", "{594F7706-0A2F-417A-A477-1170AD215F17}"
EndProject
Project("{2150E333-8FDC-42A3-9474-1A3956D46DE8}") = "Components", "Components", "{E41FD094-AA4B-4185-85FE-607666D273C9}"
EndProject
Project("{FAE04EC0-301F-11D3-BF4B-00C04F79EFBC}") = "KY.Dapper", "KY.Dapper\KY.Dapper.csproj", "{C326BC35-D1A4-408C-8E8B-DFD2B08DD483}"
EndProject
Project("{FAE04EC0-301F-11D3-BF4B-00C04F79EFBC}") = "KY.Mongo", "KY.Mongo\KY.Mongo.csproj", "{BFAE5CEC-3D6E-43DD-BB82-079AB975ACE7}"
EndProject
Project("{FAE04EC0-301F-11D3-BF4B-00C04F79EFBC}") = "KY.Redis", "KY.Redis\KY.Redis.csproj", "{616201ED-9FC0-4498-A58E-A7A16994E2C5}"
EndProject
Project("{FAE04EC0-301F-11D3-BF4B-00C04F79EFBC}") = "KY.Workflow", "KY.Workflow\KY.Workflow.csproj", "{C200566B-A0CE-4553-86E5-D5BF1E9BCD0F}"
EndProject
Project("{2150E333-8FDC-42A3-9474-1A3956D46DE8}") = "ShowTemplate", "ShowTemplate", "{E46072E6-FA2C-4D03-8BDF-714879191FDA}"
EndProject
Project("{FAE04EC0-301F-11D3-BF4B-00C04F79EFBC}") = "KY.Common", "KY.Common\KY.Common.csproj", "{365C46C5-402B-403E-B6FE-1E1001E2FF7F}"
EndProject
Project("{FAE04EC0-301F-11D3-BF4B-00C04F79EFBC}") = "KY.DataBase", "KY.DataBase\KY.DataBase.csproj", "{45A1ADF2-DEF5-4BC8-B3E2-4A1222B47939}"
EndProject
Global
	GlobalSection(SolutionConfigurationPlatforms) = preSolution
		Debug|Any CPU = Debug|Any CPU
		Release|Any CPU = Release|Any CPU
	EndGlobalSection
	GlobalSection(ProjectConfigurationPlatforms) = postSolution
		{2FBB3660-7D72-4337-ADC9-44C6B5702C89}.Debug|Any CPU.ActiveCfg = Debug|Any CPU
		{2FBB3660-7D72-4337-ADC9-44C6B5702C89}.Debug|Any CPU.Build.0 = Debug|Any CPU
		{2FBB3660-7D72-4337-ADC9-44C6B5702C89}.Release|Any CPU.ActiveCfg = Release|Any CPU
		{2FBB3660-7D72-4337-ADC9-44C6B5702C89}.Release|Any CPU.Build.0 = Release|Any CPU
		{66F4A859-684A-4C0D-9048-FEFF90DF879F}.Debug|Any CPU.ActiveCfg = Debug|Any CPU
		{66F4A859-684A-4C0D-9048-FEFF90DF879F}.Debug|Any CPU.Build.0 = Debug|Any CPU
		{66F4A859-684A-4C0D-9048-FEFF90DF879F}.Release|Any CPU.ActiveCfg = Release|Any CPU
		{66F4A859-684A-4C0D-9048-FEFF90DF879F}.Release|Any CPU.Build.0 = Release|Any CPU
		{83395310-B02E-4D37-BE9D-7F91C946B3C8}.Debug|Any CPU.ActiveCfg = Debug|Any CPU
		{83395310-B02E-4D37-BE9D-7F91C946B3C8}.Debug|Any CPU.Build.0 = Debug|Any CPU
		{83395310-B02E-4D37-BE9D-7F91C946B3C8}.Release|Any CPU.ActiveCfg = Release|Any CPU
		{83395310-B02E-4D37-BE9D-7F91C946B3C8}.Release|Any CPU.Build.0 = Release|Any CPU
		{35BA60DC-F797-4C46-A584-643AAF730E5E}.Debug|Any CPU.ActiveCfg = Debug|Any CPU
		{35BA60DC-F797-4C46-A584-643AAF730E5E}.Debug|Any CPU.Build.0 = Debug|Any CPU
		{35BA60DC-F797-4C46-A584-643AAF730E5E}.Release|Any CPU.ActiveCfg = Release|Any CPU
		{35BA60DC-F797-4C46-A584-643AAF730E5E}.Release|Any CPU.Build.0 = Release|Any CPU
		{594F7706-0A2F-417A-A477-1170AD215F17}.Debug|Any CPU.ActiveCfg = Debug|Any CPU
		{594F7706-0A2F-417A-A477-1170AD215F17}.Debug|Any CPU.Build.0 = Debug|Any CPU
		{594F7706-0A2F-417A-A477-1170AD215F17}.Release|Any CPU.ActiveCfg = Release|Any CPU
		{594F7706-0A2F-417A-A477-1170AD215F17}.Release|Any CPU.Build.0 = Release|Any CPU
		{C326BC35-D1A4-408C-8E8B-DFD2B08DD483}.Debug|Any CPU.ActiveCfg = Debug|Any CPU
		{C326BC35-D1A4-408C-8E8B-DFD2B08DD483}.Debug|Any CPU.Build.0 = Debug|Any CPU
		{C326BC35-D1A4-408C-8E8B-DFD2B08DD483}.Release|Any CPU.ActiveCfg = Release|Any CPU
		{C326BC35-D1A4-408C-8E8B-DFD2B08DD483}.Release|Any CPU.Build.0 = Release|Any CPU
		{BFAE5CEC-3D6E-43DD-BB82-079AB975ACE7}.Debug|Any CPU.ActiveCfg = Debug|Any CPU
		{BFAE5CEC-3D6E-43DD-BB82-079AB975ACE7}.Debug|Any CPU.Build.0 = Debug|Any CPU
		{BFAE5CEC-3D6E-43DD-BB82-079AB975ACE7}.Release|Any CPU.ActiveCfg = Release|Any CPU
		{BFAE5CEC-3D6E-43DD-BB82-079AB975ACE7}.Release|Any CPU.Build.0 = Release|Any CPU
		{616201ED-9FC0-4498-A58E-A7A16994E2C5}.Debug|Any CPU.ActiveCfg = Debug|Any CPU
		{616201ED-9FC0-4498-A58E-A7A16994E2C5}.Debug|Any CPU.Build.0 = Debug|Any CPU
		{616201ED-9FC0-4498-A58E-A7A16994E2C5}.Release|Any CPU.ActiveCfg = Release|Any CPU
		{616201ED-9FC0-4498-A58E-A7A16994E2C5}.Release|Any CPU.Build.0 = Release|Any CPU
		{C200566B-A0CE-4553-86E5-D5BF1E9BCD0F}.Debug|Any CPU.ActiveCfg = Debug|Any CPU
		{C200566B-A0CE-4553-86E5-D5BF1E9BCD0F}.Debug|Any CPU.Build.0 = Debug|Any CPU
		{C200566B-A0CE-4553-86E5-D5BF1E9BCD0F}.Release|Any CPU.ActiveCfg = Release|Any CPU
		{C200566B-A0CE-4553-86E5-D5BF1E9BCD0F}.Release|Any CPU.Build.0 = Release|Any CPU
		{365C46C5-402B-403E-B6FE-1E1001E2FF7F}.Debug|Any CPU.ActiveCfg = Debug|Any CPU
		{365C46C5-402B-403E-B6FE-1E1001E2FF7F}.Debug|Any CPU.Build.0 = Debug|Any CPU
		{365C46C5-402B-403E-B6FE-1E1001E2FF7F}.Release|Any CPU.ActiveCfg = Release|Any CPU
		{365C46C5-402B-403E-B6FE-1E1001E2FF7F}.Release|Any CPU.Build.0 = Release|Any CPU
		{45A1ADF2-DEF5-4BC8-B3E2-4A1222B47939}.Debug|Any CPU.ActiveCfg = Debug|Any CPU
		{45A1ADF2-DEF5-4BC8-B3E2-4A1222B47939}.Debug|Any CPU.Build.0 = Debug|Any CPU
		{45A1ADF2-DEF5-4BC8-B3E2-4A1222B47939}.Release|Any CPU.ActiveCfg = Release|Any CPU
		{45A1ADF2-DEF5-4BC8-B3E2-4A1222B47939}.Release|Any CPU.Build.0 = Release|Any CPU
	EndGlobalSection
	GlobalSection(SolutionProperties) = preSolution
		HideSolutionNode = FALSE
	EndGlobalSection
	GlobalSection(NestedProjects) = preSolution
		{2FBB3660-7D72-4337-ADC9-44C6B5702C89} = {E46072E6-FA2C-4D03-8BDF-714879191FDA}
		{66F4A859-684A-4C0D-9048-FEFF90DF879F} = {E46072E6-FA2C-4D03-8BDF-714879191FDA}
		{83395310-B02E-4D37-BE9D-7F91C946B3C8} = {E46072E6-FA2C-4D03-8BDF-714879191FDA}
		{35BA60DC-F797-4C46-A584-643AAF730E5E} = {E46072E6-FA2C-4D03-8BDF-714879191FDA}
		{594F7706-0A2F-417A-A477-1170AD215F17} = {E41FD094-AA4B-4185-85FE-607666D273C9}
		{C326BC35-D1A4-408C-8E8B-DFD2B08DD483} = {E41FD094-AA4B-4185-85FE-607666D273C9}
		{BFAE5CEC-3D6E-43DD-BB82-079AB975ACE7} = {E41FD094-AA4B-4185-85FE-607666D273C9}
		{616201ED-9FC0-4498-A58E-A7A16994E2C5} = {E41FD094-AA4B-4185-85FE-607666D273C9}
		{C200566B-A0CE-4553-86E5-D5BF1E9BCD0F} = {E41FD094-AA4B-4185-85FE-607666D273C9}
		{365C46C5-402B-403E-B6FE-1E1001E2FF7F} = {E41FD094-AA4B-4185-85FE-607666D273C9}
		{45A1ADF2-DEF5-4BC8-B3E2-4A1222B47939} = {E41FD094-AA4B-4185-85FE-607666D273C9}
	EndGlobalSection
	GlobalSection(ExtensibilityGlobals) = postSolution
		SolutionGuid = {C4DA77C4-B42C-4081-8889-B7E3E98E1224}
	EndGlobalSection
EndGlobal
