
Microsoft Visual Studio Solution File, Format Version 12.00
# Visual Studio Version 16
VisualStudioVersion = 16.0.30011.22
MinimumVisualStudioVersion = 10.0.40219.1
Project("{9A19103F-16F7-4668-BE54-9A1E7A4F7556}") = "KY.Webapi", "KY.Webapi\KY.Webapi.csproj", "{2FBB3660-7D72-4337-ADC9-44C6B5702C89}"
EndProject
Project("{9A19103F-16F7-4668-BE54-9A1E7A4F7556}") = "KY.Blazor", "KY.Blazor\KY.Blazor.csproj", "{66F4A859-684A-4C0D-9048-FEFF90DF879F}"
EndProject
Project("{9A19103F-16F7-4668-BE54-9A1E7A4F7556}") = "KY.MVC", "KY.MVC\KY.MVC.csproj", "{83395310-B02E-4D37-BE9D-7F91C946B3C8}"
EndProject
Project("{9092AA53-FB77-4645-B42D-1CCCA6BD08BD}") = "KY.VueApp", "KY.VueApp\KY.VueApp.njsproj", "{35BA60DC-F797-4C46-A584-643AAF730E5E}"
EndProject
Project("{9A19103F-16F7-4668-BE54-9A1E7A4F7556}") = "KY.Infrastructure", "KY.Infrastructure\KY.Infrastructure.csproj", "{594F7706-0A2F-417A-A477-1170AD215F17}"
EndProject
Project("{2150E333-8FDC-42A3-9474-1A3956D46DE8}") = "Components", "Components", "{E41FD094-AA4B-4185-85FE-607666D273C9}"
EndProject
Project("{9A19103F-16F7-4668-BE54-9A1E7A4F7556}") = "KY.Dapper", "KY.Dapper\KY.Dapper.csproj", "{C326BC35-D1A4-408C-8E8B-DFD2B08DD483}"
EndProject
Project("{9A19103F-16F7-4668-BE54-9A1E7A4F7556}") = "KY.Mongo", "KY.Mongo\KY.Mongo.csproj", "{BFAE5CEC-3D6E-43DD-BB82-079AB975ACE7}"
EndProject
Project("{9A19103F-16F7-4668-BE54-9A1E7A4F7556}") = "KY.Redis", "KY.Redis\KY.Redis.csproj", "{616201ED-9FC0-4498-A58E-A7A16994E2C5}"
EndProject
Project("{9A19103F-16F7-4668-BE54-9A1E7A4F7556}") = "KY.Workflow", "KY.Workflow\KY.Workflow.csproj", "{C200566B-A0CE-4553-86E5-D5BF1E9BCD0F}"
EndProject
Project("{2150E333-8FDC-42A3-9474-1A3956D46DE8}") = "ShowTemplate", "ShowTemplate", "{E46072E6-FA2C-4D03-8BDF-714879191FDA}"
EndProject
Project("{9A19103F-16F7-4668-BE54-9A1E7A4F7556}") = "KY.Common", "KY.Common\KY.Common.csproj", "{365C46C5-402B-403E-B6FE-1E1001E2FF7F}"
EndProject
Project("{9A19103F-16F7-4668-BE54-9A1E7A4F7556}") = "KY.DataBase", "KY.DataBase\KY.DataBase.csproj", "{45A1ADF2-DEF5-4BC8-B3E2-4A1222B47939}"
EndProject
Project("{2150E333-8FDC-42A3-9474-1A3956D46DE8}") = "Test", "Test", "{2633E848-0359-44EB-945F-AC29A785EE48}"
EndProject
Project("{9A19103F-16F7-4668-BE54-9A1E7A4F7556}") = "KY.DapperTest", "KY.DapperTest\KY.DapperTest.csproj", "{611B13B3-7F15-419A-AD40-1F4186883FE2}"
EndProject
Project("{9A19103F-16F7-4668-BE54-9A1E7A4F7556}") = "KY.ML", "KY.ML\KY.ML.csproj", "{36373C56-F50E-457A-96FB-6199CD8E8A61}"
EndProject
Project("{9A19103F-16F7-4668-BE54-9A1E7A4F7556}") = "KY.AutoDataBase", "KY.AutoDataBase\KY.AutoDataBase.csproj", "{F9204635-AC61-4907-AFF5-C8DF3A2E641A}"
EndProject
Project("{9A19103F-16F7-4668-BE54-9A1E7A4F7556}") = "KY.WinForm", "KY.WinForm\KY.WinForm.csproj", "{468B5668-ABAB-4766-A498-3BAFE83B7DA1}"
EndProject
Project("{9A19103F-16F7-4668-BE54-9A1E7A4F7556}") = "KY.Provider", "KY.Provider\KY.Provider.csproj", "{B41F6959-24BE-4A40-B764-AC6DB66228FB}"
EndProject
Project("{9A19103F-16F7-4668-BE54-9A1E7A4F7556}") = "KY.AsynchronousManager", "KY.AsynchronousManager\KY.AsynchronousManager.csproj", "{B100A7D8-7F2B-49E4-B808-0B7B5EF1D320}"
EndProject
Project("{9A19103F-16F7-4668-BE54-9A1E7A4F7556}") = "KY.CMD", "KY.CMD\KY.CMD.csproj", "{223E157B-B241-4BE4-A299-50C3CC6FD0E5}"
EndProject
Project("{9A19103F-16F7-4668-BE54-9A1E7A4F7556}") = "KY.Converter", "KY.Converter\KY.Converter.csproj", "{68733BEE-BC29-4417-9ABA-FCCB6998E4C6}"
EndProject
Project("{2150E333-8FDC-42A3-9474-1A3956D46DE8}") = "projectItem", "projectItem", "{34E76397-9242-40DC-BF89-67171F4CE105}"
	ProjectSection(SolutionItems) = preProject
		README.md = README.md
	EndProjectSection
EndProject
Project("{9A19103F-16F7-4668-BE54-9A1E7A4F7556}") = "KY.AuthizorProvider", "KY.AuthizorProvider\KY.AuthizorProvider.csproj", "{1D7648B6-1F23-47AA-B013-1C750F0D387C}"
EndProject
Project("{FAE04EC0-301F-11D3-BF4B-00C04F79EFBC}") = "KY.RuntimeEntity", "KY.RuntimeEntity\KY.RuntimeEntity.csproj", "{E09E6B57-F982-4B80-AA76-EDE5FBBBCFD9}"
EndProject
Project("{FAE04EC0-301F-11D3-BF4B-00C04F79EFBC}") = "KY.Chart", "KY.Chart\KY.Chart.csproj", "{199B4329-EE9D-4D82-96F1-88526BF80F6F}"
EndProject
Project("{2150E333-8FDC-42A3-9474-1A3956D46DE8}") = "Net46", "Net46", "{C6A032FB-1221-4E12-8871-A4B456CC7665}"
EndProject
Project("{FAE04EC0-301F-11D3-BF4B-00C04F79EFBC}") = "KY.NetForm", "KY.NetForm\KY.NetForm.csproj", "{108C6BD8-E866-4B4E-8BDE-B39F94FE34D6}"
EndProject
Global
	GlobalSection(SolutionConfigurationPlatforms) = preSolution
		Debug|Any CPU = Debug|Any CPU
		Release|Any CPU = Release|Any CPU
	EndGlobalSection
	GlobalSection(ProjectConfigurationPlatforms) = postSolution
		{2FBB3660-7D72-4337-ADC9-44C6B5702C89}.Debug|Any CPU.ActiveCfg = Debug|Any CPU
		{2FBB3660-7D72-4337-ADC9-44C6B5702C89}.Debug|Any CPU.Build.0 = Debug|Any CPU
		{2FBB3660-7D72-4337-ADC9-44C6B5702C89}.Release|Any CPU.ActiveCfg = Release|Any CPU
		{2FBB3660-7D72-4337-ADC9-44C6B5702C89}.Release|Any CPU.Build.0 = Release|Any CPU
		{66F4A859-684A-4C0D-9048-FEFF90DF879F}.Debug|Any CPU.ActiveCfg = Debug|Any CPU
		{66F4A859-684A-4C0D-9048-FEFF90DF879F}.Debug|Any CPU.Build.0 = Debug|Any CPU
		{66F4A859-684A-4C0D-9048-FEFF90DF879F}.Release|Any CPU.ActiveCfg = Release|Any CPU
		{66F4A859-684A-4C0D-9048-FEFF90DF879F}.Release|Any CPU.Build.0 = Release|Any CPU
		{83395310-B02E-4D37-BE9D-7F91C946B3C8}.Debug|Any CPU.ActiveCfg = Debug|Any CPU
		{83395310-B02E-4D37-BE9D-7F91C946B3C8}.Debug|Any CPU.Build.0 = Debug|Any CPU
		{83395310-B02E-4D37-BE9D-7F91C946B3C8}.Release|Any CPU.ActiveCfg = Release|Any CPU
		{83395310-B02E-4D37-BE9D-7F91C946B3C8}.Release|Any CPU.Build.0 = Release|Any CPU
		{35BA60DC-F797-4C46-A584-643AAF730E5E}.Debug|Any CPU.ActiveCfg = Debug|Any CPU
		{35BA60DC-F797-4C46-A584-643AAF730E5E}.Debug|Any CPU.Build.0 = Debug|Any CPU
		{35BA60DC-F797-4C46-A584-643AAF730E5E}.Release|Any CPU.ActiveCfg = Release|Any CPU
		{35BA60DC-F797-4C46-A584-643AAF730E5E}.Release|Any CPU.Build.0 = Release|Any CPU
		{594F7706-0A2F-417A-A477-1170AD215F17}.Debug|Any CPU.ActiveCfg = Debug|Any CPU
		{594F7706-0A2F-417A-A477-1170AD215F17}.Debug|Any CPU.Build.0 = Debug|Any CPU
		{594F7706-0A2F-417A-A477-1170AD215F17}.Release|Any CPU.ActiveCfg = Release|Any CPU
		{594F7706-0A2F-417A-A477-1170AD215F17}.Release|Any CPU.Build.0 = Release|Any CPU
		{C326BC35-D1A4-408C-8E8B-DFD2B08DD483}.Debug|Any CPU.ActiveCfg = Debug|Any CPU
		{C326BC35-D1A4-408C-8E8B-DFD2B08DD483}.Debug|Any CPU.Build.0 = Debug|Any CPU
		{C326BC35-D1A4-408C-8E8B-DFD2B08DD483}.Release|Any CPU.ActiveCfg = Release|Any CPU
		{C326BC35-D1A4-408C-8E8B-DFD2B08DD483}.Release|Any CPU.Build.0 = Release|Any CPU
		{BFAE5CEC-3D6E-43DD-BB82-079AB975ACE7}.Debug|Any CPU.ActiveCfg = Debug|Any CPU
		{BFAE5CEC-3D6E-43DD-BB82-079AB975ACE7}.Debug|Any CPU.Build.0 = Debug|Any CPU
		{BFAE5CEC-3D6E-43DD-BB82-079AB975ACE7}.Release|Any CPU.ActiveCfg = Release|Any CPU
		{BFAE5CEC-3D6E-43DD-BB82-079AB975ACE7}.Release|Any CPU.Build.0 = Release|Any CPU
		{616201ED-9FC0-4498-A58E-A7A16994E2C5}.Debug|Any CPU.ActiveCfg = Debug|Any CPU
		{616201ED-9FC0-4498-A58E-A7A16994E2C5}.Debug|Any CPU.Build.0 = Debug|Any CPU
		{616201ED-9FC0-4498-A58E-A7A16994E2C5}.Release|Any CPU.ActiveCfg = Release|Any CPU
		{616201ED-9FC0-4498-A58E-A7A16994E2C5}.Release|Any CPU.Build.0 = Release|Any CPU
		{C200566B-A0CE-4553-86E5-D5BF1E9BCD0F}.Debug|Any CPU.ActiveCfg = Debug|Any CPU
		{C200566B-A0CE-4553-86E5-D5BF1E9BCD0F}.Debug|Any CPU.Build.0 = Debug|Any CPU
		{C200566B-A0CE-4553-86E5-D5BF1E9BCD0F}.Release|Any CPU.ActiveCfg = Release|Any CPU
		{C200566B-A0CE-4553-86E5-D5BF1E9BCD0F}.Release|Any CPU.Build.0 = Release|Any CPU
		{365C46C5-402B-403E-B6FE-1E1001E2FF7F}.Debug|Any CPU.ActiveCfg = Debug|Any CPU
		{365C46C5-402B-403E-B6FE-1E1001E2FF7F}.Debug|Any CPU.Build.0 = Debug|Any CPU
		{365C46C5-402B-403E-B6FE-1E1001E2FF7F}.Release|Any CPU.ActiveCfg = Release|Any CPU
		{365C46C5-402B-403E-B6FE-1E1001E2FF7F}.Release|Any CPU.Build.0 = Release|Any CPU
		{45A1ADF2-DEF5-4BC8-B3E2-4A1222B47939}.Debug|Any CPU.ActiveCfg = Debug|Any CPU
		{45A1ADF2-DEF5-4BC8-B3E2-4A1222B47939}.Debug|Any CPU.Build.0 = Debug|Any CPU
		{45A1ADF2-DEF5-4BC8-B3E2-4A1222B47939}.Release|Any CPU.ActiveCfg = Release|Any CPU
		{45A1ADF2-DEF5-4BC8-B3E2-4A1222B47939}.Release|Any CPU.Build.0 = Release|Any CPU
		{611B13B3-7F15-419A-AD40-1F4186883FE2}.Debug|Any CPU.ActiveCfg = Debug|Any CPU
		{611B13B3-7F15-419A-AD40-1F4186883FE2}.Debug|Any CPU.Build.0 = Debug|Any CPU
		{611B13B3-7F15-419A-AD40-1F4186883FE2}.Release|Any CPU.ActiveCfg = Release|Any CPU
		{611B13B3-7F15-419A-AD40-1F4186883FE2}.Release|Any CPU.Build.0 = Release|Any CPU
		{36373C56-F50E-457A-96FB-6199CD8E8A61}.Debug|Any CPU.ActiveCfg = Debug|Any CPU
		{36373C56-F50E-457A-96FB-6199CD8E8A61}.Debug|Any CPU.Build.0 = Debug|Any CPU
		{36373C56-F50E-457A-96FB-6199CD8E8A61}.Release|Any CPU.ActiveCfg = Release|Any CPU
		{36373C56-F50E-457A-96FB-6199CD8E8A61}.Release|Any CPU.Build.0 = Release|Any CPU
		{F9204635-AC61-4907-AFF5-C8DF3A2E641A}.Debug|Any CPU.ActiveCfg = Debug|Any CPU
		{F9204635-AC61-4907-AFF5-C8DF3A2E641A}.Debug|Any CPU.Build.0 = Debug|Any CPU
		{F9204635-AC61-4907-AFF5-C8DF3A2E641A}.Release|Any CPU.ActiveCfg = Release|Any CPU
		{F9204635-AC61-4907-AFF5-C8DF3A2E641A}.Release|Any CPU.Build.0 = Release|Any CPU
		{468B5668-ABAB-4766-A498-3BAFE83B7DA1}.Debug|Any CPU.ActiveCfg = Debug|Any CPU
		{468B5668-ABAB-4766-A498-3BAFE83B7DA1}.Debug|Any CPU.Build.0 = Debug|Any CPU
		{468B5668-ABAB-4766-A498-3BAFE83B7DA1}.Release|Any CPU.ActiveCfg = Release|Any CPU
		{468B5668-ABAB-4766-A498-3BAFE83B7DA1}.Release|Any CPU.Build.0 = Release|Any CPU
		{B41F6959-24BE-4A40-B764-AC6DB66228FB}.Debug|Any CPU.ActiveCfg = Debug|Any CPU
		{B41F6959-24BE-4A40-B764-AC6DB66228FB}.Debug|Any CPU.Build.0 = Debug|Any CPU
		{B41F6959-24BE-4A40-B764-AC6DB66228FB}.Release|Any CPU.ActiveCfg = Release|Any CPU
		{B41F6959-24BE-4A40-B764-AC6DB66228FB}.Release|Any CPU.Build.0 = Release|Any CPU
		{B100A7D8-7F2B-49E4-B808-0B7B5EF1D320}.Debug|Any CPU.ActiveCfg = Debug|Any CPU
		{B100A7D8-7F2B-49E4-B808-0B7B5EF1D320}.Debug|Any CPU.Build.0 = Debug|Any CPU
		{B100A7D8-7F2B-49E4-B808-0B7B5EF1D320}.Release|Any CPU.ActiveCfg = Release|Any CPU
		{B100A7D8-7F2B-49E4-B808-0B7B5EF1D320}.Release|Any CPU.Build.0 = Release|Any CPU
		{223E157B-B241-4BE4-A299-50C3CC6FD0E5}.Debug|Any CPU.ActiveCfg = Debug|Any CPU
		{223E157B-B241-4BE4-A299-50C3CC6FD0E5}.Debug|Any CPU.Build.0 = Debug|Any CPU
		{223E157B-B241-4BE4-A299-50C3CC6FD0E5}.Release|Any CPU.ActiveCfg = Release|Any CPU
		{223E157B-B241-4BE4-A299-50C3CC6FD0E5}.Release|Any CPU.Build.0 = Release|Any CPU
		{68733BEE-BC29-4417-9ABA-FCCB6998E4C6}.Debug|Any CPU.ActiveCfg = Debug|Any CPU
		{68733BEE-BC29-4417-9ABA-FCCB6998E4C6}.Debug|Any CPU.Build.0 = Debug|Any CPU
		{68733BEE-BC29-4417-9ABA-FCCB6998E4C6}.Release|Any CPU.ActiveCfg = Release|Any CPU
		{68733BEE-BC29-4417-9ABA-FCCB6998E4C6}.Release|Any CPU.Build.0 = Release|Any CPU
		{1D7648B6-1F23-47AA-B013-1C750F0D387C}.Debug|Any CPU.ActiveCfg = Debug|Any CPU
		{1D7648B6-1F23-47AA-B013-1C750F0D387C}.Debug|Any CPU.Build.0 = Debug|Any CPU
		{1D7648B6-1F23-47AA-B013-1C750F0D387C}.Release|Any CPU.ActiveCfg = Release|Any CPU
		{1D7648B6-1F23-47AA-B013-1C750F0D387C}.Release|Any CPU.Build.0 = Release|Any CPU
		{E09E6B57-F982-4B80-AA76-EDE5FBBBCFD9}.Debug|Any CPU.ActiveCfg = Debug|Any CPU
		{E09E6B57-F982-4B80-AA76-EDE5FBBBCFD9}.Debug|Any CPU.Build.0 = Debug|Any CPU
		{E09E6B57-F982-4B80-AA76-EDE5FBBBCFD9}.Release|Any CPU.ActiveCfg = Release|Any CPU
		{E09E6B57-F982-4B80-AA76-EDE5FBBBCFD9}.Release|Any CPU.Build.0 = Release|Any CPU
		{199B4329-EE9D-4D82-96F1-88526BF80F6F}.Debug|Any CPU.ActiveCfg = Debug|Any CPU
		{199B4329-EE9D-4D82-96F1-88526BF80F6F}.Debug|Any CPU.Build.0 = Debug|Any CPU
		{199B4329-EE9D-4D82-96F1-88526BF80F6F}.Release|Any CPU.ActiveCfg = Release|Any CPU
		{199B4329-EE9D-4D82-96F1-88526BF80F6F}.Release|Any CPU.Build.0 = Release|Any CPU
		{108C6BD8-E866-4B4E-8BDE-B39F94FE34D6}.Debug|Any CPU.ActiveCfg = Debug|Any CPU
		{108C6BD8-E866-4B4E-8BDE-B39F94FE34D6}.Debug|Any CPU.Build.0 = Debug|Any CPU
		{108C6BD8-E866-4B4E-8BDE-B39F94FE34D6}.Release|Any CPU.ActiveCfg = Release|Any CPU
		{108C6BD8-E866-4B4E-8BDE-B39F94FE34D6}.Release|Any CPU.Build.0 = Release|Any CPU
	EndGlobalSection
	GlobalSection(SolutionProperties) = preSolution
		HideSolutionNode = FALSE
	EndGlobalSection
	GlobalSection(NestedProjects) = preSolution
		{2FBB3660-7D72-4337-ADC9-44C6B5702C89} = {E46072E6-FA2C-4D03-8BDF-714879191FDA}
		{66F4A859-684A-4C0D-9048-FEFF90DF879F} = {E46072E6-FA2C-4D03-8BDF-714879191FDA}
		{83395310-B02E-4D37-BE9D-7F91C946B3C8} = {E46072E6-FA2C-4D03-8BDF-714879191FDA}
		{35BA60DC-F797-4C46-A584-643AAF730E5E} = {E46072E6-FA2C-4D03-8BDF-714879191FDA}
		{594F7706-0A2F-417A-A477-1170AD215F17} = {E41FD094-AA4B-4185-85FE-607666D273C9}
		{C326BC35-D1A4-408C-8E8B-DFD2B08DD483} = {E41FD094-AA4B-4185-85FE-607666D273C9}
		{BFAE5CEC-3D6E-43DD-BB82-079AB975ACE7} = {E41FD094-AA4B-4185-85FE-607666D273C9}
		{616201ED-9FC0-4498-A58E-A7A16994E2C5} = {E41FD094-AA4B-4185-85FE-607666D273C9}
		{C200566B-A0CE-4553-86E5-D5BF1E9BCD0F} = {E41FD094-AA4B-4185-85FE-607666D273C9}
		{365C46C5-402B-403E-B6FE-1E1001E2FF7F} = {E41FD094-AA4B-4185-85FE-607666D273C9}
		{45A1ADF2-DEF5-4BC8-B3E2-4A1222B47939} = {E41FD094-AA4B-4185-85FE-607666D273C9}
		{611B13B3-7F15-419A-AD40-1F4186883FE2} = {2633E848-0359-44EB-945F-AC29A785EE48}
		{F9204635-AC61-4907-AFF5-C8DF3A2E641A} = {E41FD094-AA4B-4185-85FE-607666D273C9}
		{468B5668-ABAB-4766-A498-3BAFE83B7DA1} = {E46072E6-FA2C-4D03-8BDF-714879191FDA}
		{B41F6959-24BE-4A40-B764-AC6DB66228FB} = {E41FD094-AA4B-4185-85FE-607666D273C9}
		{B100A7D8-7F2B-49E4-B808-0B7B5EF1D320} = {E41FD094-AA4B-4185-85FE-607666D273C9}
		{223E157B-B241-4BE4-A299-50C3CC6FD0E5} = {E46072E6-FA2C-4D03-8BDF-714879191FDA}
		{68733BEE-BC29-4417-9ABA-FCCB6998E4C6} = {E41FD094-AA4B-4185-85FE-607666D273C9}
		{1D7648B6-1F23-47AA-B013-1C750F0D387C} = {E41FD094-AA4B-4185-85FE-607666D273C9}
		{E09E6B57-F982-4B80-AA76-EDE5FBBBCFD9} = {E41FD094-AA4B-4185-85FE-607666D273C9}
		{199B4329-EE9D-4D82-96F1-88526BF80F6F} = {E41FD094-AA4B-4185-85FE-607666D273C9}
		{108C6BD8-E866-4B4E-8BDE-B39F94FE34D6} = {C6A032FB-1221-4E12-8871-A4B456CC7665}
	EndGlobalSection
	GlobalSection(ExtensibilityGlobals) = postSolution
		SolutionGuid = {C4DA77C4-B42C-4081-8889-B7E3E98E1224}
	EndGlobalSection
EndGlobal
